
Microsoft Visual Studio Solution File, Format Version 12.00
# Visual Studio Version 17
VisualStudioVersion = 17.9.34728.123
MinimumVisualStudioVersion = 10.0.40219.1
Project("{FAE04EC0-301F-11D3-BF4B-00C04F79EFBC}") = "BethanysPieShop", "BethanysPieShop\BethanysPieShop.csproj", "{C98BE23F-A841-40B7-9E76-3F70ED3E05CA}"
EndProject
Global
	GlobalSection(SolutionConfigurationPlatforms) = preSolution
		Debug|Any CPU = Debug|Any CPU
		Release|Any CPU = Release|Any CPU
	EndGlobalSection
	GlobalSection(ProjectConfigurationPlatforms) = postSolution
		{C98BE23F-A841-40B7-9E76-3F70ED3E05CA}.Debug|Any CPU.ActiveCfg = Debug|Any CPU
		{C98BE23F-A841-40B7-9E76-3F70ED3E05CA}.Debug|Any CPU.Build.0 = Debug|Any CPU
		{C98BE23F-A841-40B7-9E76-3F70ED3E05CA}.Release|Any CPU.ActiveCfg = Release|Any CPU
		{C98BE23F-A841-40B7-9E76-3F70ED3E05CA}.Release|Any CPU.Build.0 = Release|Any CPU
	EndGlobalSection
	GlobalSection(SolutionProperties) = preSolution
		HideSolutionNode = FALSE
	EndGlobalSection
	GlobalSection(ExtensibilityGlobals) = postSolution
		SolutionGuid = {65E83888-19F0-481D-879E-D16CE8B9B858}
	EndGlobalSection
EndGlobal
